
Microsoft Visual Studio Solution File, Format Version 12.00
# Visual Studio Version 17
VisualStudioVersion = 17.5.33424.131
MinimumVisualStudioVersion = 10.0.40219.1
Project("{FAE04EC0-301F-11D3-BF4B-00C04F79EFBC}") = "RDTool", "RDTool\RDTool.csproj", "{14391338-BB57-4065-9AF8-AEB19A655229}"
EndProject
Global
	GlobalSection(SolutionConfigurationPlatforms) = preSolution
		Debug|Any CPU = Debug|Any CPU
		Release|Any CPU = Release|Any CPU
	EndGlobalSection
	GlobalSection(ProjectConfigurationPlatforms) = postSolution
		{14391338-BB57-4065-9AF8-AEB19A655229}.Debug|Any CPU.ActiveCfg = Debug|Any CPU
		{14391338-BB57-4065-9AF8-AEB19A655229}.Debug|Any CPU.Build.0 = Debug|Any CPU
		{14391338-BB57-4065-9AF8-AEB19A655229}.Release|Any CPU.ActiveCfg = Release|Any CPU
		{14391338-BB57-4065-9AF8-AEB19A655229}.Release|Any CPU.Build.0 = Release|Any CPU
	EndGlobalSection
	GlobalSection(SolutionProperties) = preSolution
		HideSolutionNode = FALSE
	EndGlobalSection
	GlobalSection(ExtensibilityGlobals) = postSolution
		SolutionGuid = {7A283B23-4105-4DDB-AA4F-78FAC99BCA15}
	EndGlobalSection
EndGlobal
